
Microsoft Visual Studio Solution File, Format Version 12.00
# Visual Studio 15
VisualStudioVersion = 15.0.28307.645
MinimumVisualStudioVersion = 10.0.40219.1
Project("{FAE04EC0-301F-11D3-BF4B-00C04F79EFBC}") = "STATE_RentACar", "STATE_RentACar\STATE_RentACar.csproj", "{60B91A79-9FD2-4A1E-B229-E71EF9637871}"
EndProject
Global
	GlobalSection(SolutionConfigurationPlatforms) = preSolution
		Debug|Any CPU = Debug|Any CPU
		Release|Any CPU = Release|Any CPU
	EndGlobalSection
	GlobalSection(ProjectConfigurationPlatforms) = postSolution
		{60B91A79-9FD2-4A1E-B229-E71EF9637871}.Debug|Any CPU.ActiveCfg = Debug|Any CPU
		{60B91A79-9FD2-4A1E-B229-E71EF9637871}.Debug|Any CPU.Build.0 = Debug|Any CPU
		{60B91A79-9FD2-4A1E-B229-E71EF9637871}.Release|Any CPU.ActiveCfg = Release|Any CPU
		{60B91A79-9FD2-4A1E-B229-E71EF9637871}.Release|Any CPU.Build.0 = Release|Any CPU
	EndGlobalSection
	GlobalSection(SolutionProperties) = preSolution
		HideSolutionNode = FALSE
	EndGlobalSection
	GlobalSection(ExtensibilityGlobals) = postSolution
		SolutionGuid = {05AF6A3D-378B-45AA-87F8-50BFB7BFB6F6}
	EndGlobalSection
EndGlobal
